
Microsoft Visual Studio Solution File, Format Version 12.00
# Visual Studio Version 17
VisualStudioVersion = 17.4.33205.214
MinimumVisualStudioVersion = 10.0.40219.1
Project("{FAE04EC0-301F-11D3-BF4B-00C04F79EFBC}") = "AddressBookSystemSolution", "AddressBookSystemSolution\AddressBookSystemSolution.csproj", "{9311C4CF-F7C4-48DB-9644-97786082DAF9}"
EndProject
Global
	GlobalSection(SolutionConfigurationPlatforms) = preSolution
		Debug|Any CPU = Debug|Any CPU
		Release|Any CPU = Release|Any CPU
	EndGlobalSection
	GlobalSection(ProjectConfigurationPlatforms) = postSolution
		{9311C4CF-F7C4-48DB-9644-97786082DAF9}.Debug|Any CPU.ActiveCfg = Debug|Any CPU
		{9311C4CF-F7C4-48DB-9644-97786082DAF9}.Debug|Any CPU.Build.0 = Debug|Any CPU
		{9311C4CF-F7C4-48DB-9644-97786082DAF9}.Release|Any CPU.ActiveCfg = Release|Any CPU
		{9311C4CF-F7C4-48DB-9644-97786082DAF9}.Release|Any CPU.Build.0 = Release|Any CPU
	EndGlobalSection
	GlobalSection(SolutionProperties) = preSolution
		HideSolutionNode = FALSE
	EndGlobalSection
	GlobalSection(ExtensibilityGlobals) = postSolution
		SolutionGuid = {60A2D297-2536-40FB-AD4B-69DBA96BFB32}
	EndGlobalSection
EndGlobal
